
Microsoft Visual Studio Solution File, Format Version 12.00
# Visual Studio Version 17
VisualStudioVersion = 17.3.32929.385
MinimumVisualStudioVersion = 10.0.40219.1
Project("{FAE04EC0-301F-11D3-BF4B-00C04F79EFBC}") = "ConsoleApp2", "ConsoleApp2\ConsoleApp2.csproj", "{9BCEAC0C-75A7-45F1-89FB-9B65BB270BCD}"
EndProject
Global
	GlobalSection(SolutionConfigurationPlatforms) = preSolution
		Debug|Any CPU = Debug|Any CPU
		Release|Any CPU = Release|Any CPU
	EndGlobalSection
	GlobalSection(ProjectConfigurationPlatforms) = postSolution
		{9BCEAC0C-75A7-45F1-89FB-9B65BB270BCD}.Debug|Any CPU.ActiveCfg = Debug|Any CPU
		{9BCEAC0C-75A7-45F1-89FB-9B65BB270BCD}.Debug|Any CPU.Build.0 = Debug|Any CPU
		{9BCEAC0C-75A7-45F1-89FB-9B65BB270BCD}.Release|Any CPU.ActiveCfg = Release|Any CPU
		{9BCEAC0C-75A7-45F1-89FB-9B65BB270BCD}.Release|Any CPU.Build.0 = Release|Any CPU
	EndGlobalSection
	GlobalSection(SolutionProperties) = preSolution
		HideSolutionNode = FALSE
	EndGlobalSection
	GlobalSection(ExtensibilityGlobals) = postSolution
		SolutionGuid = {D253EFE2-5D8C-462B-8BEB-3AA3D374A80A}
	EndGlobalSection
EndGlobal
